
Microsoft Visual Studio Solution File, Format Version 12.00
# Visual Studio Version 16
VisualStudioVersion = 16.0.29306.81
MinimumVisualStudioVersion = 10.0.40219.1
Project("{FAE04EC0-301F-11D3-BF4B-00C04F79EFBC}") = "dotnet new console", "dotnet new console\dotnet new console.csproj", "{99C3F4DA-FF94-480D-BD38-771A56D77053}"
EndProject
Global
	GlobalSection(SolutionConfigurationPlatforms) = preSolution
		Debug|Any CPU = Debug|Any CPU
		Release|Any CPU = Release|Any CPU
	EndGlobalSection
	GlobalSection(ProjectConfigurationPlatforms) = postSolution
		{99C3F4DA-FF94-480D-BD38-771A56D77053}.Debug|Any CPU.ActiveCfg = Debug|Any CPU
		{99C3F4DA-FF94-480D-BD38-771A56D77053}.Debug|Any CPU.Build.0 = Debug|Any CPU
		{99C3F4DA-FF94-480D-BD38-771A56D77053}.Release|Any CPU.ActiveCfg = Release|Any CPU
		{99C3F4DA-FF94-480D-BD38-771A56D77053}.Release|Any CPU.Build.0 = Release|Any CPU
	EndGlobalSection
	GlobalSection(SolutionProperties) = preSolution
		HideSolutionNode = FALSE
	EndGlobalSection
	GlobalSection(ExtensibilityGlobals) = postSolution
		SolutionGuid = {8678A9BC-B48D-4410-9B56-6B7439BD765D}
	EndGlobalSection
EndGlobal
